
Microsoft Visual Studio Solution File, Format Version 12.00
# Visual Studio Version 16
VisualStudioVersion = 16.0.29424.173
MinimumVisualStudioVersion = 10.0.40219.1
Project("{9A19103F-16F7-4668-BE54-9A1E7A4F7556}") = "ParkingMachineConsole", "TicketMachineConsole\ParkingMachineConsole.csproj", "{88DDD9FF-E3FC-403E-AEFB-9D386F682671}"
EndProject
Project("{9A19103F-16F7-4668-BE54-9A1E7A4F7556}") = "UnitTestParkingMachine", "UnitTestTicketMachine\UnitTestParkingMachine.csproj", "{2D322AA7-96AF-48B2-AE45-4A8497B6DFE3}"
EndProject
Global
	GlobalSection(SolutionConfigurationPlatforms) = preSolution
		Debug|Any CPU = Debug|Any CPU
		Release|Any CPU = Release|Any CPU
	EndGlobalSection
	GlobalSection(ProjectConfigurationPlatforms) = postSolution
		{88DDD9FF-E3FC-403E-AEFB-9D386F682671}.Debug|Any CPU.ActiveCfg = Debug|Any CPU
		{88DDD9FF-E3FC-403E-AEFB-9D386F682671}.Debug|Any CPU.Build.0 = Debug|Any CPU
		{88DDD9FF-E3FC-403E-AEFB-9D386F682671}.Release|Any CPU.ActiveCfg = Release|Any CPU
		{88DDD9FF-E3FC-403E-AEFB-9D386F682671}.Release|Any CPU.Build.0 = Release|Any CPU
		{2D322AA7-96AF-48B2-AE45-4A8497B6DFE3}.Debug|Any CPU.ActiveCfg = Debug|Any CPU
		{2D322AA7-96AF-48B2-AE45-4A8497B6DFE3}.Debug|Any CPU.Build.0 = Debug|Any CPU
		{2D322AA7-96AF-48B2-AE45-4A8497B6DFE3}.Release|Any CPU.ActiveCfg = Release|Any CPU
		{2D322AA7-96AF-48B2-AE45-4A8497B6DFE3}.Release|Any CPU.Build.0 = Release|Any CPU
	EndGlobalSection
	GlobalSection(SolutionProperties) = preSolution
		HideSolutionNode = FALSE
	EndGlobalSection
	GlobalSection(ExtensibilityGlobals) = postSolution
		SolutionGuid = {6E854199-63DD-4174-A72B-4EA4268579E4}
	EndGlobalSection
EndGlobal
