
Microsoft Visual Studio Solution File, Format Version 12.00
# Visual Studio Version 16
VisualStudioVersion = 16.0.30503.244
MinimumVisualStudioVersion = 10.0.40219.1
Project("{FAE04EC0-301F-11D3-BF4B-00C04F79EFBC}") = "4050", "4050\4050.csproj", "{A8E9FF7F-89F3-480F-9BAB-DD2F0E48D398}"
EndProject
Global
	GlobalSection(SolutionConfigurationPlatforms) = preSolution
		Debug|Any CPU = Debug|Any CPU
		Release|Any CPU = Release|Any CPU
	EndGlobalSection
	GlobalSection(ProjectConfigurationPlatforms) = postSolution
		{A8E9FF7F-89F3-480F-9BAB-DD2F0E48D398}.Debug|Any CPU.ActiveCfg = Debug|Any CPU
		{A8E9FF7F-89F3-480F-9BAB-DD2F0E48D398}.Debug|Any CPU.Build.0 = Debug|Any CPU
		{A8E9FF7F-89F3-480F-9BAB-DD2F0E48D398}.Release|Any CPU.ActiveCfg = Release|Any CPU
		{A8E9FF7F-89F3-480F-9BAB-DD2F0E48D398}.Release|Any CPU.Build.0 = Release|Any CPU
	EndGlobalSection
	GlobalSection(SolutionProperties) = preSolution
		HideSolutionNode = FALSE
	EndGlobalSection
	GlobalSection(ExtensibilityGlobals) = postSolution
		SolutionGuid = {80D83EF1-E33F-40DE-B3AB-353D49F89379}
	EndGlobalSection
EndGlobal
